// !$*UTF8*$!
{
	archiveVersion = 1;
	classes = {
	};
	objectVersion = 56;
	objects = {

/* Begin PBXBuildFile section */
		B528047F2BA47BAA00C5E430 /* AppDelegate.swift in Sources */ = {isa = PBXBuildFile; fileRef = B528047E2BA47BAA00C5E430 /* AppDelegate.swift */; };
		B52804812BA47BAA00C5E430 /* SceneDelegate.swift in Sources */ = {isa = PBXBuildFile; fileRef = B52804802BA47BAA00C5E430 /* SceneDelegate.swift */; };
		B52804862BA47BAA00C5E430 /* Base in Resources */ = {isa = PBXBuildFile; fileRef = B52804852BA47BAA00C5E430 /* Base */; };
		B52804882BA47BAB00C5E430 /* Assets.xcassets in Resources */ = {isa = PBXBuildFile; fileRef = B52804872BA47BAB00C5E430 /* Assets.xcassets */; };
		B528048B2BA47BAB00C5E430 /* Base in Resources */ = {isa = PBXBuildFile; fileRef = B528048A2BA47BAB00C5E430 /* Base */; };
		B52804992BA481B400C5E430 /* HomeController.swift in Sources */ = {isa = PBXBuildFile; fileRef = B52804982BA481B400C5E430 /* HomeController.swift */; };
		B528049B2BA4831A00C5E430 /* MealView.swift in Sources */ = {isa = PBXBuildFile; fileRef = B528049A2BA4831A00C5E430 /* MealView.swift */; };
		B528049D2BA4834900C5E430 /* Meal.swift in Sources */ = {isa = PBXBuildFile; fileRef = B528049C2BA4834900C5E430 /* Meal.swift */; };
		B528049F2BA4841C00C5E430 /* MealService.swift in Sources */ = {isa = PBXBuildFile; fileRef = B528049E2BA4841C00C5E430 /* MealService.swift */; };
		B52804A12BA488C600C5E430 /* HomeViewModel.swift in Sources */ = {isa = PBXBuildFile; fileRef = B52804A02BA488C600C5E430 /* HomeViewModel.swift */; };
		B52804A32BA48B4900C5E430 /* Extensions.swift in Sources */ = {isa = PBXBuildFile; fileRef = B52804A22BA48B4900C5E430 /* Extensions.swift */; };
		B52804A72BA4A0F200C5E430 /* APIConfig.swift in Sources */ = {isa = PBXBuildFile; fileRef = B52804A62BA4A0F200C5E430 /* APIConfig.swift */; };
		B52804A92BA4A2A700C5E430 /* SchoolInfoService.swift in Sources */ = {isa = PBXBuildFile; fileRef = B52804A82BA4A2A700C5E430 /* SchoolInfoService.swift */; };
		B52804AB2BA4A34600C5E430 /* School.swift in Sources */ = {isa = PBXBuildFile; fileRef = B52804AA2BA4A34600C5E430 /* School.swift */; };
		B52804AD2BA5781300C5E430 /* SettingsController.swift in Sources */ = {isa = PBXBuildFile; fileRef = B52804AC2BA5781300C5E430 /* SettingsController.swift */; };
		B52804AF2BA5B51C00C5E430 /* SchoolSearchController.swift in Sources */ = {isa = PBXBuildFile; fileRef = B52804AE2BA5B51C00C5E430 /* SchoolSearchController.swift */; };
		B56501332BA5DF8A004AE42B /* SchoolSettingsController.swift in Sources */ = {isa = PBXBuildFile; fileRef = B56501322BA5DF8A004AE42B /* SchoolSettingsController.swift */; };
/* End PBXBuildFile section */

/* Begin PBXFileReference section */
		B528047B2BA47BAA00C5E430 /* Meals.app */ = {isa = PBXFileReference; explicitFileType = wrapper.application; includeInIndex = 0; path = Meals.app; sourceTree = BUILT_PRODUCTS_DIR; };
		B528047E2BA47BAA00C5E430 /* AppDelegate.swift */ = {isa = PBXFileReference; lastKnownFileType = sourcecode.swift; path = AppDelegate.swift; sourceTree = "<group>"; };
		B52804802BA47BAA00C5E430 /* SceneDelegate.swift */ = {isa = PBXFileReference; lastKnownFileType = sourcecode.swift; path = SceneDelegate.swift; sourceTree = "<group>"; };
		B52804852BA47BAA00C5E430 /* Base */ = {isa = PBXFileReference; lastKnownFileType = file.storyboard; name = Base; path = Base.lproj/Main.storyboard; sourceTree = "<group>"; };
		B52804872BA47BAB00C5E430 /* Assets.xcassets */ = {isa = PBXFileReference; lastKnownFileType = folder.assetcatalog; path = Assets.xcassets; sourceTree = "<group>"; };
		B528048A2BA47BAB00C5E430 /* Base */ = {isa = PBXFileReference; lastKnownFileType = file.storyboard; name = Base; path = Base.lproj/LaunchScreen.storyboard; sourceTree = "<group>"; };
		B528048C2BA47BAB00C5E430 /* Info.plist */ = {isa = PBXFileReference; lastKnownFileType = text.plist.xml; path = Info.plist; sourceTree = "<group>"; };
		B52804982BA481B400C5E430 /* HomeController.swift */ = {isa = PBXFileReference; lastKnownFileType = sourcecode.swift; path = HomeController.swift; sourceTree = "<group>"; };
		B528049A2BA4831A00C5E430 /* MealView.swift */ = {isa = PBXFileReference; lastKnownFileType = sourcecode.swift; path = MealView.swift; sourceTree = "<group>"; };
		B528049C2BA4834900C5E430 /* Meal.swift */ = {isa = PBXFileReference; lastKnownFileType = sourcecode.swift; path = Meal.swift; sourceTree = "<group>"; };
		B528049E2BA4841C00C5E430 /* MealService.swift */ = {isa = PBXFileReference; lastKnownFileType = sourcecode.swift; path = MealService.swift; sourceTree = "<group>"; };
		B52804A02BA488C600C5E430 /* HomeViewModel.swift */ = {isa = PBXFileReference; lastKnownFileType = sourcecode.swift; path = HomeViewModel.swift; sourceTree = "<group>"; };
		B52804A22BA48B4900C5E430 /* Extensions.swift */ = {isa = PBXFileReference; lastKnownFileType = sourcecode.swift; path = Extensions.swift; sourceTree = "<group>"; };
		B52804A62BA4A0F200C5E430 /* APIConfig.swift */ = {isa = PBXFileReference; lastKnownFileType = sourcecode.swift; path = APIConfig.swift; sourceTree = "<group>"; };
		B52804A82BA4A2A700C5E430 /* SchoolInfoService.swift */ = {isa = PBXFileReference; lastKnownFileType = sourcecode.swift; path = SchoolInfoService.swift; sourceTree = "<group>"; };
		B52804AA2BA4A34600C5E430 /* School.swift */ = {isa = PBXFileReference; lastKnownFileType = sourcecode.swift; path = School.swift; sourceTree = "<group>"; };
		B52804AC2BA5781300C5E430 /* SettingsController.swift */ = {isa = PBXFileReference; lastKnownFileType = sourcecode.swift; path = SettingsController.swift; sourceTree = "<group>"; };
		B52804AE2BA5B51C00C5E430 /* SchoolSearchController.swift */ = {isa = PBXFileReference; lastKnownFileType = sourcecode.swift; path = SchoolSearchController.swift; sourceTree = "<group>"; };
		B56501322BA5DF8A004AE42B /* SchoolSettingsController.swift */ = {isa = PBXFileReference; lastKnownFileType = sourcecode.swift; path = SchoolSettingsController.swift; sourceTree = "<group>"; };
/* End PBXFileReference section */

/* Begin PBXFrameworksBuildPhase section */
		B52804782BA47BAA00C5E430 /* Frameworks */ = {
			isa = PBXFrameworksBuildPhase;
			buildActionMask = 2147483647;
			files = (
			);
			runOnlyForDeploymentPostprocessing = 0;
		};
/* End PBXFrameworksBuildPhase section */

/* Begin PBXGroup section */
		B52804722BA47BAA00C5E430 = {
			isa = PBXGroup;
			children = (
				B528047D2BA47BAA00C5E430 /* Meals */,
				B528047C2BA47BAA00C5E430 /* Products */,
			);
			sourceTree = "<group>";
		};
		B528047C2BA47BAA00C5E430 /* Products */ = {
			isa = PBXGroup;
			children = (
				B528047B2BA47BAA00C5E430 /* Meals.app */,
			);
			name = Products;
			sourceTree = "<group>";
		};
		B528047D2BA47BAA00C5E430 /* Meals */ = {
			isa = PBXGroup;
			children = (
				B52804972BA4810600C5E430 /* Model */,
				B52804962BA4810400C5E430 /* View */,
				B52804922BA480F800C5E430 /* ViewModel */,
				B52804952BA4810100C5E430 /* Controller */,
				B52804942BA480FF00C5E430 /* API */,
				B52804932BA480FC00C5E430 /* Utils */,
				B528047E2BA47BAA00C5E430 /* AppDelegate.swift */,
				B52804802BA47BAA00C5E430 /* SceneDelegate.swift */,
				B52804842BA47BAA00C5E430 /* Main.storyboard */,
				B52804872BA47BAB00C5E430 /* Assets.xcassets */,
				B52804892BA47BAB00C5E430 /* LaunchScreen.storyboard */,
				B528048C2BA47BAB00C5E430 /* Info.plist */,
			);
			path = Meals;
			sourceTree = "<group>";
		};
		B52804922BA480F800C5E430 /* ViewModel */ = {
			isa = PBXGroup;
			children = (
				B52804A02BA488C600C5E430 /* HomeViewModel.swift */,
			);
			path = ViewModel;
			sourceTree = "<group>";
		};
		B52804932BA480FC00C5E430 /* Utils */ = {
			isa = PBXGroup;
			children = (
				B52804A22BA48B4900C5E430 /* Extensions.swift */,
			);
			path = Utils;
			sourceTree = "<group>";
		};
		B52804942BA480FF00C5E430 /* API */ = {
			isa = PBXGroup;
			children = (
				B52804A82BA4A2A700C5E430 /* SchoolInfoService.swift */,
				B528049E2BA4841C00C5E430 /* MealService.swift */,
				B52804A62BA4A0F200C5E430 /* APIConfig.swift */,
			);
			path = API;
			sourceTree = "<group>";
		};
		B52804952BA4810100C5E430 /* Controller */ = {
			isa = PBXGroup;
			children = (
				B52804982BA481B400C5E430 /* HomeController.swift */,
				B52804AC2BA5781300C5E430 /* SettingsController.swift */,
				B52804AE2BA5B51C00C5E430 /* SchoolSearchController.swift */,
				B56501322BA5DF8A004AE42B /* SchoolSettingsController.swift */,
			);
			path = Controller;
			sourceTree = "<group>";
		};
		B52804962BA4810400C5E430 /* View */ = {
			isa = PBXGroup;
			children = (
				B528049A2BA4831A00C5E430 /* MealView.swift */,
			);
			path = View;
			sourceTree = "<group>";
		};
		B52804972BA4810600C5E430 /* Model */ = {
			isa = PBXGroup;
			children = (
				B52804AA2BA4A34600C5E430 /* School.swift */,
				B528049C2BA4834900C5E430 /* Meal.swift */,
			);
			path = Model;
			sourceTree = "<group>";
		};
/* End PBXGroup section */

/* Begin PBXNativeTarget section */
		B528047A2BA47BAA00C5E430 /* Meals */ = {
			isa = PBXNativeTarget;
			buildConfigurationList = B528048F2BA47BAB00C5E430 /* Build configuration list for PBXNativeTarget "Meals" */;
			buildPhases = (
				B52804772BA47BAA00C5E430 /* Sources */,
				B52804782BA47BAA00C5E430 /* Frameworks */,
				B52804792BA47BAA00C5E430 /* Resources */,
			);
			buildRules = (
			);
			dependencies = (
			);
			name = Meals;
			productName = Meals;
			productReference = B528047B2BA47BAA00C5E430 /* Meals.app */;
			productType = "com.apple.product-type.application";
		};
/* End PBXNativeTarget section */

/* Begin PBXProject section */
		B52804732BA47BAA00C5E430 /* Project object */ = {
			isa = PBXProject;
			attributes = {
				BuildIndependentTargetsInParallel = 1;
				LastSwiftUpdateCheck = 1530;
				LastUpgradeCheck = 1530;
				TargetAttributes = {
					B528047A2BA47BAA00C5E430 = {
						CreatedOnToolsVersion = 15.3;
					};
				};
			};
			buildConfigurationList = B52804762BA47BAA00C5E430 /* Build configuration list for PBXProject "Meals" */;
			compatibilityVersion = "Xcode 14.0";
			developmentRegion = en;
			hasScannedForEncodings = 0;
			knownRegions = (
				en,
				Base,
			);
			mainGroup = B52804722BA47BAA00C5E430;
			productRefGroup = B528047C2BA47BAA00C5E430 /* Products */;
			projectDirPath = "";
			projectRoot = "";
			targets = (
				B528047A2BA47BAA00C5E430 /* Meals */,
			);
		};
/* End PBXProject section */

/* Begin PBXResourcesBuildPhase section */
		B52804792BA47BAA00C5E430 /* Resources */ = {
			isa = PBXResourcesBuildPhase;
			buildActionMask = 2147483647;
			files = (
				B52804882BA47BAB00C5E430 /* Assets.xcassets in Resources */,
				B528048B2BA47BAB00C5E430 /* Base in Resources */,
				B52804862BA47BAA00C5E430 /* Base in Resources */,
			);
			runOnlyForDeploymentPostprocessing = 0;
		};
/* End PBXResourcesBuildPhase section */

/* Begin PBXSourcesBuildPhase section */
		B52804772BA47BAA00C5E430 /* Sources */ = {
			isa = PBXSourcesBuildPhase;
			buildActionMask = 2147483647;
			files = (
				B52804AD2BA5781300C5E430 /* SettingsController.swift in Sources */,
				B528049D2BA4834900C5E430 /* Meal.swift in Sources */,
				B528047F2BA47BAA00C5E430 /* AppDelegate.swift in Sources */,
				B52804A12BA488C600C5E430 /* HomeViewModel.swift in Sources */,
				B56501332BA5DF8A004AE42B /* SchoolSettingsController.swift in Sources */,
				B52804A32BA48B4900C5E430 /* Extensions.swift in Sources */,
				B528049F2BA4841C00C5E430 /* MealService.swift in Sources */,
				B52804A92BA4A2A700C5E430 /* SchoolInfoService.swift in Sources */,
				B52804AF2BA5B51C00C5E430 /* SchoolSearchController.swift in Sources */,
				B52804A72BA4A0F200C5E430 /* APIConfig.swift in Sources */,
				B52804812BA47BAA00C5E430 /* SceneDelegate.swift in Sources */,
				B52804AB2BA4A34600C5E430 /* School.swift in Sources */,
				B52804992BA481B400C5E430 /* HomeController.swift in Sources */,
				B528049B2BA4831A00C5E430 /* MealView.swift in Sources */,
			);
			runOnlyForDeploymentPostprocessing = 0;
		};
/* End PBXSourcesBuildPhase section */

/* Begin PBXVariantGroup section */
		B52804842BA47BAA00C5E430 /* Main.storyboard */ = {
			isa = PBXVariantGroup;
			children = (
				B52804852BA47BAA00C5E430 /* Base */,
			);
			name = Main.storyboard;
			sourceTree = "<group>";
		};
		B52804892BA47BAB00C5E430 /* LaunchScreen.storyboard */ = {
			isa = PBXVariantGroup;
			children = (
				B528048A2BA47BAB00C5E430 /* Base */,
			);
			name = LaunchScreen.storyboard;
			sourceTree = "<group>";
		};
/* End PBXVariantGroup section */

/* Begin XCBuildConfiguration section */
		B528048D2BA47BAB00C5E430 /* Debug */ = {
			isa = XCBuildConfiguration;
			buildSettings = {
				ALWAYS_SEARCH_USER_PATHS = NO;
				ASSETCATALOG_COMPILER_GENERATE_SWIFT_ASSET_SYMBOL_EXTENSIONS = YES;
				CLANG_ANALYZER_NONNULL = YES;
				CLANG_ANALYZER_NUMBER_OBJECT_CONVERSION = YES_AGGRESSIVE;
				CLANG_CXX_LANGUAGE_STANDARD = "gnu++20";
				CLANG_ENABLE_MODULES = YES;
				CLANG_ENABLE_OBJC_ARC = YES;
				CLANG_ENABLE_OBJC_WEAK = YES;
				CLANG_WARN_BLOCK_CAPTURE_AUTORELEASING = YES;
				CLANG_WARN_BOOL_CONVERSION = YES;
				CLANG_WARN_COMMA = YES;
				CLANG_WARN_CONSTANT_CONVERSION = YES;
				CLANG_WARN_DEPRECATED_OBJC_IMPLEMENTATIONS = YES;
				CLANG_WARN_DIRECT_OBJC_ISA_USAGE = YES_ERROR;
				CLANG_WARN_DOCUMENTATION_COMMENTS = YES;
				CLANG_WARN_EMPTY_BODY = YES;
				CLANG_WARN_ENUM_CONVERSION = YES;
				CLANG_WARN_INFINITE_RECURSION = YES;
				CLANG_WARN_INT_CONVERSION = YES;
				CLANG_WARN_NON_LITERAL_NULL_CONVERSION = YES;
				CLANG_WARN_OBJC_IMPLICIT_RETAIN_SELF = YES;
				CLANG_WARN_OBJC_LITERAL_CONVERSION = YES;
				CLANG_WARN_OBJC_ROOT_CLASS = YES_ERROR;
				CLANG_WARN_QUOTED_INCLUDE_IN_FRAMEWORK_HEADER = YES;
				CLANG_WARN_RANGE_LOOP_ANALYSIS = YES;
				CLANG_WARN_STRICT_PROTOTYPES = YES;
				CLANG_WARN_SUSPICIOUS_MOVE = YES;
				CLANG_WARN_UNGUARDED_AVAILABILITY = YES_AGGRESSIVE;
				CLANG_WARN_UNREACHABLE_CODE = YES;
				CLANG_WARN__DUPLICATE_METHOD_MATCH = YES;
				COPY_PHASE_STRIP = NO;
				DEBUG_INFORMATION_FORMAT = dwarf;
				ENABLE_STRICT_OBJC_MSGSEND = YES;
				ENABLE_TESTABILITY = YES;
				ENABLE_USER_SCRIPT_SANDBOXING = YES;
				GCC_C_LANGUAGE_STANDARD = gnu17;
				GCC_DYNAMIC_NO_PIC = NO;
				GCC_NO_COMMON_BLOCKS = YES;
				GCC_OPTIMIZATION_LEVEL = 0;
				GCC_PREPROCESSOR_DEFINITIONS = (
					"DEBUG=1",
					"$(inherited)",
				);
				GCC_WARN_64_TO_32_BIT_CONVERSION = YES;
				GCC_WARN_ABOUT_RETURN_TYPE = YES_ERROR;
				GCC_WARN_UNDECLARED_SELECTOR = YES;
				GCC_WARN_UNINITIALIZED_AUTOS = YES_AGGRESSIVE;
				GCC_WARN_UNUSED_FUNCTION = YES;
				GCC_WARN_UNUSED_VARIABLE = YES;
				IPHONEOS_DEPLOYMENT_TARGET = 17.4;
				LOCALIZATION_PREFERS_STRING_CATALOGS = YES;
				MTL_ENABLE_DEBUG_INFO = INCLUDE_SOURCE;
				MTL_FAST_MATH = YES;
				ONLY_ACTIVE_ARCH = YES;
				SDKROOT = iphoneos;
				SWIFT_ACTIVE_COMPILATION_CONDITIONS = "DEBUG $(inherited)";
				SWIFT_OPTIMIZATION_LEVEL = "-Onone";
			};
			name = Debug;
		};
		B528048E2BA47BAB00C5E430 /* Release */ = {
			isa = XCBuildConfiguration;
			buildSettings = {
				ALWAYS_SEARCH_USER_PATHS = NO;
				ASSETCATALOG_COMPILER_GENERATE_SWIFT_ASSET_SYMBOL_EXTENSIONS = YES;
				CLANG_ANALYZER_NONNULL = YES;
				CLANG_ANALYZER_NUMBER_OBJECT_CONVERSION = YES_AGGRESSIVE;
				CLANG_CXX_LANGUAGE_STANDARD = "gnu++20";
				CLANG_ENABLE_MODULES = YES;
				CLANG_ENABLE_OBJC_ARC = YES;
				CLANG_ENABLE_OBJC_WEAK = YES;
				CLANG_WARN_BLOCK_CAPTURE_AUTORELEASING = YES;
				CLANG_WARN_BOOL_CONVERSION = YES;
				CLANG_WARN_COMMA = YES;
				CLANG_WARN_CONSTANT_CONVERSION = YES;
				CLANG_WARN_DEPRECATED_OBJC_IMPLEMENTATIONS = YES;
				CLANG_WARN_DIRECT_OBJC_ISA_USAGE = YES_ERROR;
				CLANG_WARN_DOCUMENTATION_COMMENTS = YES;
				CLANG_WARN_EMPTY_BODY = YES;
				CLANG_WARN_ENUM_CONVERSION = YES;
				CLANG_WARN_INFINITE_RECURSION = YES;
				CLANG_WARN_INT_CONVERSION = YES;
				CLANG_WARN_NON_LITERAL_NULL_CONVERSION = YES;
				CLANG_WARN_OBJC_IMPLICIT_RETAIN_SELF = YES;
				CLANG_WARN_OBJC_LITERAL_CONVERSION = YES;
				CLANG_WARN_OBJC_ROOT_CLASS = YES_ERROR;
				CLANG_WARN_QUOTED_INCLUDE_IN_FRAMEWORK_HEADER = YES;
				CLANG_WARN_RANGE_LOOP_ANALYSIS = YES;
				CLANG_WARN_STRICT_PROTOTYPES = YES;
				CLANG_WARN_SUSPICIOUS_MOVE = YES;
				CLANG_WARN_UNGUARDED_AVAILABILITY = YES_AGGRESSIVE;
				CLANG_WARN_UNREACHABLE_CODE = YES;
				CLANG_WARN__DUPLICATE_METHOD_MATCH = YES;
				COPY_PHASE_STRIP = NO;
				DEBUG_INFORMATION_FORMAT = "dwarf-with-dsym";
				ENABLE_NS_ASSERTIONS = NO;
				ENABLE_STRICT_OBJC_MSGSEND = YES;
				ENABLE_USER_SCRIPT_SANDBOXING = YES;
				GCC_C_LANGUAGE_STANDARD = gnu17;
				GCC_NO_COMMON_BLOCKS = YES;
				GCC_WARN_64_TO_32_BIT_CONVERSION = YES;
				GCC_WARN_ABOUT_RETURN_TYPE = YES_ERROR;
				GCC_WARN_UNDECLARED_SELECTOR = YES;
				GCC_WARN_UNINITIALIZED_AUTOS = YES_AGGRESSIVE;
				GCC_WARN_UNUSED_FUNCTION = YES;
				GCC_WARN_UNUSED_VARIABLE = YES;
				IPHONEOS_DEPLOYMENT_TARGET = 17.4;
				LOCALIZATION_PREFERS_STRING_CATALOGS = YES;
				MTL_ENABLE_DEBUG_INFO = NO;
				MTL_FAST_MATH = YES;
				SDKROOT = iphoneos;
				SWIFT_COMPILATION_MODE = wholemodule;
				VALIDATE_PRODUCT = YES;
			};
			name = Release;
		};
		B52804902BA47BAB00C5E430 /* Debug */ = {
			isa = XCBuildConfiguration;
			buildSettings = {
				ASSETCATALOG_COMPILER_APPICON_NAME = AppIcon;
				ASSETCATALOG_COMPILER_GLOBAL_ACCENT_COLOR_NAME = AccentColor;
				CODE_SIGN_STYLE = Automatic;
				CURRENT_PROJECT_VERSION = 1;
				DEVELOPMENT_TEAM = 2PDJ7M4UWU;
				GENERATE_INFOPLIST_FILE = YES;
				INFOPLIST_FILE = Meals/Info.plist;
				INFOPLIST_KEY_CFBundleDisplayName = "급식";
				INFOPLIST_KEY_LSApplicationCategoryType = "public.app-category.food-and-drink";
				INFOPLIST_KEY_UIApplicationSupportsIndirectInputEvents = YES;
				INFOPLIST_KEY_UILaunchStoryboardName = LaunchScreen;
				INFOPLIST_KEY_UIMainStoryboardFile = Main;
				INFOPLIST_KEY_UISupportedInterfaceOrientations_iPad = "UIInterfaceOrientationPortrait UIInterfaceOrientationPortraitUpsideDown UIInterfaceOrientationLandscapeLeft UIInterfaceOrientationLandscapeRight";
				INFOPLIST_KEY_UISupportedInterfaceOrientations_iPhone = "UIInterfaceOrientationPortrait UIInterfaceOrientationLandscapeLeft UIInterfaceOrientationLandscapeRight";
				LD_RUNPATH_SEARCH_PATHS = (
					"$(inherited)",
					"@executable_path/Frameworks",
				);
				MARKETING_VERSION = 1.0;
				PRODUCT_BUNDLE_IDENTIFIER = com.hyeonsik.Meals;
				PRODUCT_NAME = "$(TARGET_NAME)";
				SWIFT_EMIT_LOC_STRINGS = YES;
				SWIFT_VERSION = 5.0;
				TARGETED_DEVICE_FAMILY = "1,2";
			};
			name = Debug;
		};
		B52804912BA47BAB00C5E430 /* Release */ = {
			isa = XCBuildConfiguration;
			buildSettings = {
				ASSETCATALOG_COMPILER_APPICON_NAME = AppIcon;
				ASSETCATALOG_COMPILER_GLOBAL_ACCENT_COLOR_NAME = AccentColor;
				CODE_SIGN_STYLE = Automatic;
				CURRENT_PROJECT_VERSION = 1;
				DEVELOPMENT_TEAM = 2PDJ7M4UWU;
				GENERATE_INFOPLIST_FILE = YES;
				INFOPLIST_FILE = Meals/Info.plist;
				INFOPLIST_KEY_CFBundleDisplayName = "급식";
				INFOPLIST_KEY_LSApplicationCategoryType = "public.app-category.food-and-drink";
				INFOPLIST_KEY_UIApplicationSupportsIndirectInputEvents = YES;
				INFOPLIST_KEY_UILaunchStoryboardName = LaunchScreen;
				INFOPLIST_KEY_UIMainStoryboardFile = Main;
				INFOPLIST_KEY_UISupportedInterfaceOrientations_iPad = "UIInterfaceOrientationPortrait UIInterfaceOrientationPortraitUpsideDown UIInterfaceOrientationLandscapeLeft UIInterfaceOrientationLandscapeRight";
				INFOPLIST_KEY_UISupportedInterfaceOrientations_iPhone = "UIInterfaceOrientationPortrait UIInterfaceOrientationLandscapeLeft UIInterfaceOrientationLandscapeRight";
				LD_RUNPATH_SEARCH_PATHS = (
					"$(inherited)",
					"@executable_path/Frameworks",
				);
				MARKETING_VERSION = 1.0;
				PRODUCT_BUNDLE_IDENTIFIER = com.hyeonsik.Meals;
				PRODUCT_NAME = "$(TARGET_NAME)";
				SWIFT_EMIT_LOC_STRINGS = YES;
				SWIFT_VERSION = 5.0;
				TARGETED_DEVICE_FAMILY = "1,2";
			};
			name = Release;
		};
/* End XCBuildConfiguration section */

/* Begin XCConfigurationList section */
		B52804762BA47BAA00C5E430 /* Build configuration list for PBXProject "Meals" */ = {
			isa = XCConfigurationList;
			buildConfigurations = (
				B528048D2BA47BAB00C5E430 /* Debug */,
				B528048E2BA47BAB00C5E430 /* Release */,
			);
			defaultConfigurationIsVisible = 0;
			defaultConfigurationName = Release;
		};
		B528048F2BA47BAB00C5E430 /* Build configuration list for PBXNativeTarget "Meals" */ = {
			isa = XCConfigurationList;
			buildConfigurations = (
				B52804902BA47BAB00C5E430 /* Debug */,
				B52804912BA47BAB00C5E430 /* Release */,
			);
			defaultConfigurationIsVisible = 0;
			defaultConfigurationName = Release;
		};
/* End XCConfigurationList section */
	};
	rootObject = B52804732BA47BAA00C5E430 /* Project object */;
}
